
Microsoft Visual Studio Solution File, Format Version 12.00
# Visual Studio 14
VisualStudioVersion = 14.0.23107.0
MinimumVisualStudioVersion = 10.0.40219.1
Project("{FAE04EC0-301F-11D3-BF4B-00C04F79EFBC}") = "data_mining_1", "data_mining_1\data_mining_1.csproj", "{6BD22F9B-4245-433C-BE89-9A76A329DA03}"
EndProject
Global
	GlobalSection(SolutionConfigurationPlatforms) = preSolution
		Debug|Any CPU = Debug|Any CPU
		Release|Any CPU = Release|Any CPU
	EndGlobalSection
	GlobalSection(ProjectConfigurationPlatforms) = postSolution
		{6BD22F9B-4245-433C-BE89-9A76A329DA03}.Debug|Any CPU.ActiveCfg = Debug|Any CPU
		{6BD22F9B-4245-433C-BE89-9A76A329DA03}.Debug|Any CPU.Build.0 = Debug|Any CPU
		{6BD22F9B-4245-433C-BE89-9A76A329DA03}.Release|Any CPU.ActiveCfg = Release|Any CPU
		{6BD22F9B-4245-433C-BE89-9A76A329DA03}.Release|Any CPU.Build.0 = Release|Any CPU
	EndGlobalSection
	GlobalSection(SolutionProperties) = preSolution
		HideSolutionNode = FALSE
	EndGlobalSection
EndGlobal
